
Microsoft Visual Studio Solution File, Format Version 12.00
# Visual Studio Version 17
VisualStudioVersion = 17.11.35219.272
MinimumVisualStudioVersion = 10.0.40219.1
Project("{FAE04EC0-301F-11D3-BF4B-00C04F79EFBC}") = "VTuberMusic.Next", "VTuberMusic.Next\VTuberMusic.Next.csproj", "{0FED7285-54D0-42FE-B43C-6FE6E052B16B}"
EndProject
Global
	GlobalSection(SolutionConfigurationPlatforms) = preSolution
		Debug|Any CPU = Debug|Any CPU
		Release|Any CPU = Release|Any CPU
	EndGlobalSection
	GlobalSection(ProjectConfigurationPlatforms) = postSolution
		{0FED7285-54D0-42FE-B43C-6FE6E052B16B}.Debug|Any CPU.ActiveCfg = Debug|Any CPU
		{0FED7285-54D0-42FE-B43C-6FE6E052B16B}.Debug|Any CPU.Build.0 = Debug|Any CPU
		{0FED7285-54D0-42FE-B43C-6FE6E052B16B}.Release|Any CPU.ActiveCfg = Release|Any CPU
		{0FED7285-54D0-42FE-B43C-6FE6E052B16B}.Release|Any CPU.Build.0 = Release|Any CPU
	EndGlobalSection
	GlobalSection(SolutionProperties) = preSolution
		HideSolutionNode = FALSE
	EndGlobalSection
	GlobalSection(ExtensibilityGlobals) = postSolution
		SolutionGuid = {5DEE8C6D-4A6F-481B-8B00-01CF12ECF9A8}
	EndGlobalSection
EndGlobal
